
Microsoft Visual Studio Solution File, Format Version 12.00
# Visual Studio Version 17
VisualStudioVersion = 17.1.32319.34
MinimumVisualStudioVersion = 10.0.40219.1
Project("{FAE04EC0-301F-11D3-BF4B-00C04F79EFBC}") = "ColumbusPraktikosUzd", "ColumbusPraktikosUzd\ColumbusPraktikosUzd.csproj", "{045C1D10-1922-43B6-B03C-023C2EB2C9F5}"
EndProject
Project("{FAE04EC0-301F-11D3-BF4B-00C04F79EFBC}") = "ColumbusPraktikosUzdTest", "ColumbusPraktikosUzdTest\ColumbusPraktikosUzdTest.csproj", "{8AED5080-F9E8-46D2-802F-73ACEE62EFA9}"
EndProject
Global
	GlobalSection(SolutionConfigurationPlatforms) = preSolution
		Debug|Any CPU = Debug|Any CPU
		Release|Any CPU = Release|Any CPU
	EndGlobalSection
	GlobalSection(ProjectConfigurationPlatforms) = postSolution
		{045C1D10-1922-43B6-B03C-023C2EB2C9F5}.Debug|Any CPU.ActiveCfg = Debug|Any CPU
		{045C1D10-1922-43B6-B03C-023C2EB2C9F5}.Debug|Any CPU.Build.0 = Debug|Any CPU
		{045C1D10-1922-43B6-B03C-023C2EB2C9F5}.Release|Any CPU.ActiveCfg = Release|Any CPU
		{045C1D10-1922-43B6-B03C-023C2EB2C9F5}.Release|Any CPU.Build.0 = Release|Any CPU
		{8AED5080-F9E8-46D2-802F-73ACEE62EFA9}.Debug|Any CPU.ActiveCfg = Debug|Any CPU
		{8AED5080-F9E8-46D2-802F-73ACEE62EFA9}.Debug|Any CPU.Build.0 = Debug|Any CPU
		{8AED5080-F9E8-46D2-802F-73ACEE62EFA9}.Release|Any CPU.ActiveCfg = Release|Any CPU
		{8AED5080-F9E8-46D2-802F-73ACEE62EFA9}.Release|Any CPU.Build.0 = Release|Any CPU
	EndGlobalSection
	GlobalSection(SolutionProperties) = preSolution
		HideSolutionNode = FALSE
	EndGlobalSection
	GlobalSection(ExtensibilityGlobals) = postSolution
		SolutionGuid = {F5727E09-A06D-443E-BBE8-EC2AA10213DE}
	EndGlobalSection
EndGlobal
